
Microsoft Visual Studio Solution File, Format Version 12.00
# Visual Studio 15
VisualStudioVersion = 15.0.27130.2036
MinimumVisualStudioVersion = 10.0.40219.1
Project("{FAE04EC0-301F-11D3-BF4B-00C04F79EFBC}") = "Projeto lp12017p1", "Projeto lp12017p1\Projeto lp12017p1.csproj", "{798E52F0-1D2D-4785-9009-FC6C36D0E524}"
EndProject
Global
	GlobalSection(SolutionConfigurationPlatforms) = preSolution
		Debug|Any CPU = Debug|Any CPU
		Release|Any CPU = Release|Any CPU
	EndGlobalSection
	GlobalSection(ProjectConfigurationPlatforms) = postSolution
		{798E52F0-1D2D-4785-9009-FC6C36D0E524}.Debug|Any CPU.ActiveCfg = Debug|Any CPU
		{798E52F0-1D2D-4785-9009-FC6C36D0E524}.Debug|Any CPU.Build.0 = Debug|Any CPU
		{798E52F0-1D2D-4785-9009-FC6C36D0E524}.Release|Any CPU.ActiveCfg = Release|Any CPU
		{798E52F0-1D2D-4785-9009-FC6C36D0E524}.Release|Any CPU.Build.0 = Release|Any CPU
	EndGlobalSection
	GlobalSection(SolutionProperties) = preSolution
		HideSolutionNode = FALSE
	EndGlobalSection
	GlobalSection(ExtensibilityGlobals) = postSolution
		SolutionGuid = {37B59A39-7DEC-466A-9D0C-C653F836CBC2}
	EndGlobalSection
EndGlobal
